
Microsoft Visual Studio Solution File, Format Version 12.00
# Visual Studio Version 17
VisualStudioVersion = 17.5.33530.505
MinimumVisualStudioVersion = 10.0.40219.1
Project("{9A19103F-16F7-4668-BE54-9A1E7A4F7556}") = "Stupesoft.LazyScalp.Infrastructure", "Stupesoft.LazyScalp.Infrastructure\Stupesoft.LazyScalp.Infrastructure.csproj", "{ECDA2BB5-D66D-4B4F-B906-B9319B4B4C18}"
EndProject
Project("{9A19103F-16F7-4668-BE54-9A1E7A4F7556}") = "Stupesoft.LazyScalp.Domain", "Stupesoft.LazyScalp.Domain\Stupesoft.LazyScalp.Domain.csproj", "{312B1003-E528-4172-8F1B-CAF30E989A90}"
EndProject
Project("{9A19103F-16F7-4668-BE54-9A1E7A4F7556}") = "Stupesoft.LazyScalp.ConsoleUI", "Stupesoft.LazyScalp.ConsoleUI\Stupesoft.LazyScalp.ConsoleUI.csproj", "{F4F56237-B7AE-463E-AB1D-DDA7630C01D2}"
EndProject
Project("{9A19103F-16F7-4668-BE54-9A1E7A4F7556}") = "Stupesoft.LazyScalp.Application", "Stupesoft.LazeScallp.Application\Stupesoft.LazyScalp.Application.csproj", "{90235886-BB77-4027-94E3-B39E9B7093BF}"
EndProject
Project("{2150E333-8FDC-42A3-9474-1A3956D46DE8}") = "Indicator", "Indicator", "{68CF155F-0E01-4EDB-838C-5A7E24DDBE23}"
	ProjectSection(SolutionItems) = preProject
		Indicator\HLevel.lib.pinescript = Indicator\HLevel.lib.pinescript
		Indicator\ScalpingLevelLite.pinescript = Indicator\ScalpingLevelLite.pinescript
		Indicator\ScalpingLevelPRO.pinescript = Indicator\ScalpingLevelPRO.pinescript
		Indicator\Serializer.pinescript = Indicator\Serializer.pinescript
	EndProjectSection
EndProject
Project("{9A19103F-16F7-4668-BE54-9A1E7A4F7556}") = "Stupesoft.LazyScalp.TradingView", "Stupesoft.LazyScalp.TradingView\Stupesoft.LazyScalp.TradingView.csproj", "{0E4DDF24-002D-4A0D-895F-B8520DDB6F97}"
EndProject
Project("{9A19103F-16F7-4668-BE54-9A1E7A4F7556}") = "Stupesoft.LazyScalp.Shared", "Stupesoft.LazyScalp.Shared\Stupesoft.LazyScalp.Shared.csproj", "{BCA2F584-A19A-4523-B9C8-7528731913F0}"
EndProject
Project("{9A19103F-16F7-4668-BE54-9A1E7A4F7556}") = "Stupesoft.LazyScalp.TradingBot", "Stupesoft.LazyScalp.TradingBot\Stupesoft.LazyScalp.TradingBot.csproj", "{7167209C-3CBB-4C30-AC51-5D876598B606}"
EndProject
Project("{9A19103F-16F7-4668-BE54-9A1E7A4F7556}") = "Stupesoft.LazyScalp.TradingBotConsoleUI", "Stupesoft.LazyScalp.TradingBotConsoleUI\Stupesoft.LazyScalp.TradingBotConsoleUI.csproj", "{F7883AF6-6FFF-4644-9062-81B33E61B04C}"
EndProject
Project("{2150E333-8FDC-42A3-9474-1A3956D46DE8}") = "Tests", "Tests", "{6D328013-C7D7-456A-93B5-3B4AECEBA1BC}"
EndProject
Project("{FAE04EC0-301F-11D3-BF4B-00C04F79EFBC}") = "ScalpStations.IntegrationTests", "Tests\ScalpStation.UnitTests\ScalpStations.IntegrationTests.csproj", "{874C7CEA-9E48-456A-B724-9C81702E861E}"
EndProject
Project("{FAE04EC0-301F-11D3-BF4B-00C04F79EFBC}") = "Stupesoft.LazyScalp.UnitTests", "Tests\Stupesoft.LazyScalp.UnitTests\Stupesoft.LazyScalp.UnitTests.csproj", "{1072C52A-C34A-4B85-81F6-B0DA3EA2F904}"
EndProject
Global
	GlobalSection(SolutionConfigurationPlatforms) = preSolution
		Debug|Any CPU = Debug|Any CPU
		Release|Any CPU = Release|Any CPU
	EndGlobalSection
	GlobalSection(ProjectConfigurationPlatforms) = postSolution
		{ECDA2BB5-D66D-4B4F-B906-B9319B4B4C18}.Debug|Any CPU.ActiveCfg = Debug|Any CPU
		{ECDA2BB5-D66D-4B4F-B906-B9319B4B4C18}.Debug|Any CPU.Build.0 = Debug|Any CPU
		{ECDA2BB5-D66D-4B4F-B906-B9319B4B4C18}.Release|Any CPU.ActiveCfg = Release|Any CPU
		{ECDA2BB5-D66D-4B4F-B906-B9319B4B4C18}.Release|Any CPU.Build.0 = Release|Any CPU
		{312B1003-E528-4172-8F1B-CAF30E989A90}.Debug|Any CPU.ActiveCfg = Debug|Any CPU
		{312B1003-E528-4172-8F1B-CAF30E989A90}.Debug|Any CPU.Build.0 = Debug|Any CPU
		{312B1003-E528-4172-8F1B-CAF30E989A90}.Release|Any CPU.ActiveCfg = Release|Any CPU
		{312B1003-E528-4172-8F1B-CAF30E989A90}.Release|Any CPU.Build.0 = Release|Any CPU
		{F4F56237-B7AE-463E-AB1D-DDA7630C01D2}.Debug|Any CPU.ActiveCfg = Debug|Any CPU
		{F4F56237-B7AE-463E-AB1D-DDA7630C01D2}.Debug|Any CPU.Build.0 = Debug|Any CPU
		{F4F56237-B7AE-463E-AB1D-DDA7630C01D2}.Release|Any CPU.ActiveCfg = Release|Any CPU
		{F4F56237-B7AE-463E-AB1D-DDA7630C01D2}.Release|Any CPU.Build.0 = Release|Any CPU
		{90235886-BB77-4027-94E3-B39E9B7093BF}.Debug|Any CPU.ActiveCfg = Debug|Any CPU
		{90235886-BB77-4027-94E3-B39E9B7093BF}.Debug|Any CPU.Build.0 = Debug|Any CPU
		{90235886-BB77-4027-94E3-B39E9B7093BF}.Release|Any CPU.ActiveCfg = Release|Any CPU
		{90235886-BB77-4027-94E3-B39E9B7093BF}.Release|Any CPU.Build.0 = Release|Any CPU
		{0E4DDF24-002D-4A0D-895F-B8520DDB6F97}.Debug|Any CPU.ActiveCfg = Debug|Any CPU
		{0E4DDF24-002D-4A0D-895F-B8520DDB6F97}.Debug|Any CPU.Build.0 = Debug|Any CPU
		{0E4DDF24-002D-4A0D-895F-B8520DDB6F97}.Release|Any CPU.ActiveCfg = Release|Any CPU
		{0E4DDF24-002D-4A0D-895F-B8520DDB6F97}.Release|Any CPU.Build.0 = Release|Any CPU
		{BCA2F584-A19A-4523-B9C8-7528731913F0}.Debug|Any CPU.ActiveCfg = Debug|Any CPU
		{BCA2F584-A19A-4523-B9C8-7528731913F0}.Debug|Any CPU.Build.0 = Debug|Any CPU
		{BCA2F584-A19A-4523-B9C8-7528731913F0}.Release|Any CPU.ActiveCfg = Release|Any CPU
		{BCA2F584-A19A-4523-B9C8-7528731913F0}.Release|Any CPU.Build.0 = Release|Any CPU
		{7167209C-3CBB-4C30-AC51-5D876598B606}.Debug|Any CPU.ActiveCfg = Debug|Any CPU
		{7167209C-3CBB-4C30-AC51-5D876598B606}.Debug|Any CPU.Build.0 = Debug|Any CPU
		{7167209C-3CBB-4C30-AC51-5D876598B606}.Release|Any CPU.ActiveCfg = Release|Any CPU
		{7167209C-3CBB-4C30-AC51-5D876598B606}.Release|Any CPU.Build.0 = Release|Any CPU
		{F7883AF6-6FFF-4644-9062-81B33E61B04C}.Debug|Any CPU.ActiveCfg = Debug|Any CPU
		{F7883AF6-6FFF-4644-9062-81B33E61B04C}.Debug|Any CPU.Build.0 = Debug|Any CPU
		{F7883AF6-6FFF-4644-9062-81B33E61B04C}.Release|Any CPU.ActiveCfg = Release|Any CPU
		{F7883AF6-6FFF-4644-9062-81B33E61B04C}.Release|Any CPU.Build.0 = Release|Any CPU
		{874C7CEA-9E48-456A-B724-9C81702E861E}.Debug|Any CPU.ActiveCfg = Debug|Any CPU
		{874C7CEA-9E48-456A-B724-9C81702E861E}.Debug|Any CPU.Build.0 = Debug|Any CPU
		{874C7CEA-9E48-456A-B724-9C81702E861E}.Release|Any CPU.ActiveCfg = Release|Any CPU
		{874C7CEA-9E48-456A-B724-9C81702E861E}.Release|Any CPU.Build.0 = Release|Any CPU
		{1072C52A-C34A-4B85-81F6-B0DA3EA2F904}.Debug|Any CPU.ActiveCfg = Debug|Any CPU
		{1072C52A-C34A-4B85-81F6-B0DA3EA2F904}.Debug|Any CPU.Build.0 = Debug|Any CPU
		{1072C52A-C34A-4B85-81F6-B0DA3EA2F904}.Release|Any CPU.ActiveCfg = Release|Any CPU
		{1072C52A-C34A-4B85-81F6-B0DA3EA2F904}.Release|Any CPU.Build.0 = Release|Any CPU
	EndGlobalSection
	GlobalSection(SolutionProperties) = preSolution
		HideSolutionNode = FALSE
	EndGlobalSection
	GlobalSection(NestedProjects) = preSolution
		{874C7CEA-9E48-456A-B724-9C81702E861E} = {6D328013-C7D7-456A-93B5-3B4AECEBA1BC}
		{1072C52A-C34A-4B85-81F6-B0DA3EA2F904} = {6D328013-C7D7-456A-93B5-3B4AECEBA1BC}
	EndGlobalSection
	GlobalSection(ExtensibilityGlobals) = postSolution
		SolutionGuid = {117981CF-6A59-45B3-950B-EC5728593003}
	EndGlobalSection
EndGlobal
