
Microsoft Visual Studio Solution File, Format Version 12.00
# Visual Studio Version 17
VisualStudioVersion = 17.5.33530.505
MinimumVisualStudioVersion = 10.0.40219.1
Project("{9A19103F-16F7-4668-BE54-9A1E7A4F7556}") = "TradingViewBot", "TradingViewBot\TradingViewBot.csproj", "{BB0AA662-511E-4751-A57D-596F72F0E2A7}"
EndProject
Project("{9A19103F-16F7-4668-BE54-9A1E7A4F7556}") = "SmartScalp.TradingView", "SmartScalp.TradingView\SmartScalp.TradingView.csproj", "{5C6DF7B0-24A3-4DCD-A3F7-55CC475D3F8F}"
EndProject
Project("{FAE04EC0-301F-11D3-BF4B-00C04F79EFBC}") = "Telegram", "Telegram\Telegram.csproj", "{54EEFCE0-E53C-4F43-B76F-E50E28BFC135}"
EndProject
Global
	GlobalSection(SolutionConfigurationPlatforms) = preSolution
		Debug|Any CPU = Debug|Any CPU
		Release|Any CPU = Release|Any CPU
	EndGlobalSection
	GlobalSection(ProjectConfigurationPlatforms) = postSolution
		{BB0AA662-511E-4751-A57D-596F72F0E2A7}.Debug|Any CPU.ActiveCfg = Debug|Any CPU
		{BB0AA662-511E-4751-A57D-596F72F0E2A7}.Debug|Any CPU.Build.0 = Debug|Any CPU
		{BB0AA662-511E-4751-A57D-596F72F0E2A7}.Release|Any CPU.ActiveCfg = Release|Any CPU
		{BB0AA662-511E-4751-A57D-596F72F0E2A7}.Release|Any CPU.Build.0 = Release|Any CPU
		{5C6DF7B0-24A3-4DCD-A3F7-55CC475D3F8F}.Debug|Any CPU.ActiveCfg = Debug|Any CPU
		{5C6DF7B0-24A3-4DCD-A3F7-55CC475D3F8F}.Debug|Any CPU.Build.0 = Debug|Any CPU
		{5C6DF7B0-24A3-4DCD-A3F7-55CC475D3F8F}.Release|Any CPU.ActiveCfg = Release|Any CPU
		{5C6DF7B0-24A3-4DCD-A3F7-55CC475D3F8F}.Release|Any CPU.Build.0 = Release|Any CPU
		{54EEFCE0-E53C-4F43-B76F-E50E28BFC135}.Debug|Any CPU.ActiveCfg = Debug|Any CPU
		{54EEFCE0-E53C-4F43-B76F-E50E28BFC135}.Debug|Any CPU.Build.0 = Debug|Any CPU
		{54EEFCE0-E53C-4F43-B76F-E50E28BFC135}.Release|Any CPU.ActiveCfg = Release|Any CPU
		{54EEFCE0-E53C-4F43-B76F-E50E28BFC135}.Release|Any CPU.Build.0 = Release|Any CPU
	EndGlobalSection
	GlobalSection(SolutionProperties) = preSolution
		HideSolutionNode = FALSE
	EndGlobalSection
	GlobalSection(ExtensibilityGlobals) = postSolution
		SolutionGuid = {117981CF-6A59-45B3-950B-EC5728593003}
	EndGlobalSection
EndGlobal
